
Microsoft Visual Studio Solution File, Format Version 12.00
# Visual Studio Version 17
VisualStudioVersion = 17.6.33829.357
MinimumVisualStudioVersion = 10.0.40219.1
Project("{E24C65DC-7377-472B-9ABA-BC803B73C61A}") = "ParkingApplicationNew2024", "E:\Projects\Asp\2024\Car Parking\Source Code\ParkingApplicationNew2024\", "{8D18149B-C1A7-4916-A303-B12AEB577891}"
	ProjectSection(WebsiteProperties) = preProject
		TargetFrameworkMoniker = ".NETFramework,Version%3Dv4.0"
		Debug.AspNetCompiler.VirtualPath = "/localhost_36322"
		Debug.AspNetCompiler.PhysicalPath = "E:\Projects\Asp\2024\Car Parking\Source Code\ParkingApplicationNew2024\"
		Debug.AspNetCompiler.TargetPath = "PrecompiledWeb\localhost_36322\"
		Debug.AspNetCompiler.Updateable = "true"
		Debug.AspNetCompiler.ForceOverwrite = "true"
		Debug.AspNetCompiler.FixedNames = "false"
		Debug.AspNetCompiler.Debug = "True"
		Release.AspNetCompiler.VirtualPath = "/localhost_36322"
		Release.AspNetCompiler.PhysicalPath = "E:\Projects\Asp\2024\Car Parking\Source Code\ParkingApplicationNew2024\"
		Release.AspNetCompiler.TargetPath = "PrecompiledWeb\localhost_36322\"
		Release.AspNetCompiler.Updateable = "true"
		Release.AspNetCompiler.ForceOverwrite = "true"
		Release.AspNetCompiler.FixedNames = "false"
		Release.AspNetCompiler.Debug = "False"
		VWDPort = "36322"
	EndProjectSection
EndProject
Global
	GlobalSection(SolutionConfigurationPlatforms) = preSolution
		Debug|Any CPU = Debug|Any CPU
	EndGlobalSection
	GlobalSection(ProjectConfigurationPlatforms) = postSolution
		{8D18149B-C1A7-4916-A303-B12AEB577891}.Debug|Any CPU.ActiveCfg = Debug|Any CPU
		{8D18149B-C1A7-4916-A303-B12AEB577891}.Debug|Any CPU.Build.0 = Debug|Any CPU
	EndGlobalSection
	GlobalSection(SolutionProperties) = preSolution
		HideSolutionNode = FALSE
	EndGlobalSection
	GlobalSection(ExtensibilityGlobals) = postSolution
		SolutionGuid = {3279669D-5236-4E15-BEFA-098E50E7BC81}
	EndGlobalSection
EndGlobal
